version: 1.0
shards:
  accord:
    github: neovintage/accord
    version: 1.1.0

  db:
    github: crystal-lang/crystal-db
    version: 0.4.2

  icr:
    github: greyblake/crystal-icr
    version: 0.2.14

  inflector:
    github: phoffer/inflector.cr
    version: 0.1.8

  jennifer:
    github: imdrasil/jennifer.cr
    version: 0.3.2

  kemal:
    github: kemalcr/kemal
    version: 0.20.0

  kilt:
    github: jeromegn/kilt
    version: 0.4.0

  pg:
    github: will/crystal-pg
    version: 0.13.3

  radix:
    github: luislavena/radix
    version: 0.3.8

  sam:
    github: imdrasil/sam.cr
    version: 0.2.1

